// !$*UTF8*$!
{
	archiveVersion = 1;
	classes = {
	};
	objectVersion = 51;
	objects = {

/* Begin PBXBuildFile section */
		0E1914A2225A43CB00451446 /* Main.storyboard in Resources */ = {isa = PBXBuildFile; fileRef = 0E1914A1225A43CB00451446 /* Main.storyboard */; };
		0E1914A4225A44ED00451446 /* Authenticate.storyboard in Resources */ = {isa = PBXBuildFile; fileRef = 0E1914A3225A44ED00451446 /* Authenticate.storyboard */; };
		0E1914A6225A46D500451446 /* AuthenticationViewController.swift in Sources */ = {isa = PBXBuildFile; fileRef = 0E1914A5225A46D500451446 /* AuthenticationViewController.swift */; };
		0E2465AC2255227B00BD642F /* Firestore.swift in Sources */ = {isa = PBXBuildFile; fileRef = 0E2465AB2255227B00BD642F /* Firestore.swift */; };
		0E2465AF225529A900BD642F /* Book.swift in Sources */ = {isa = PBXBuildFile; fileRef = 0E2465AE225529A900BD642F /* Book.swift */; };
		0E2465B122552A3200BD642F /* Price.swift in Sources */ = {isa = PBXBuildFile; fileRef = 0E2465B022552A3200BD642F /* Price.swift */; };
		0E2465B3225541A800BD642F /* User.swift in Sources */ = {isa = PBXBuildFile; fileRef = 0E2465B2225541A800BD642F /* User.swift */; };
		0E2767912252835A00B304F4 /* SwiftyBeaver.plist in Resources */ = {isa = PBXBuildFile; fileRef = 0E2767902252835900B304F4 /* SwiftyBeaver.plist */; };
		0E27679322529C0500B304F4 /* GoogleService-Info.plist in Resources */ = {isa = PBXBuildFile; fileRef = 0E27679222529C0500B304F4 /* GoogleService-Info.plist */; };
		0E43717A2266088F004E1130 /* AppObjects.swift in Sources */ = {isa = PBXBuildFile; fileRef = 0E4371792266088F004E1130 /* AppObjects.swift */; };
		0E43717C226619A4004E1130 /* LaunchViewController.swift in Sources */ = {isa = PBXBuildFile; fileRef = 0E43717B226619A4004E1130 /* LaunchViewController.swift */; };
		0E5AB86F2278AF5F00A6B452 /* FirestoreUser.swift in Sources */ = {isa = PBXBuildFile; fileRef = 0E5AB86E2278AF5F00A6B452 /* FirestoreUser.swift */; };
		0E7B3D562261139600445FA3 /* FirebaseAuth.swift in Sources */ = {isa = PBXBuildFile; fileRef = 0E7B3D552261139600445FA3 /* FirebaseAuth.swift */; };
		0E7B3D5822612E7400445FA3 /* Storage.swift in Sources */ = {isa = PBXBuildFile; fileRef = 0E7B3D5722612E7400445FA3 /* Storage.swift */; };
		0ED88502224D5666000D95D7 /* AppDelegate.swift in Sources */ = {isa = PBXBuildFile; fileRef = 0ED88501224D5666000D95D7 /* AppDelegate.swift */; };
		0ED88504224D5666000D95D7 /* LibraryViewController.swift in Sources */ = {isa = PBXBuildFile; fileRef = 0ED88503224D5666000D95D7 /* LibraryViewController.swift */; };
		0ED88509224D5667000D95D7 /* Assets.xcassets in Resources */ = {isa = PBXBuildFile; fileRef = 0ED88508224D5667000D95D7 /* Assets.xcassets */; };
		0ED8850C224D5667000D95D7 /* LaunchScreen.storyboard in Resources */ = {isa = PBXBuildFile; fileRef = 0ED8850A224D5667000D95D7 /* LaunchScreen.storyboard */; };
		0ED88517224D5667000D95D7 /* StorymodeAppTests.swift in Sources */ = {isa = PBXBuildFile; fileRef = 0ED88516224D5667000D95D7 /* StorymodeAppTests.swift */; };
		0ED88522224D5667000D95D7 /* StorymodeAppUITests.swift in Sources */ = {isa = PBXBuildFile; fileRef = 0ED88521224D5667000D95D7 /* StorymodeAppUITests.swift */; };
		0ED88537224D63F3000D95D7 /* .swiftlint.yml in Resources */ = {isa = PBXBuildFile; fileRef = 0ED88536224D63F3000D95D7 /* .swiftlint.yml */; };
		0EFC96D9224EC8C8002F7DA5 /* LibraryAndBooks.storyboard in Resources */ = {isa = PBXBuildFile; fileRef = 0EFC96D8224EC8C8002F7DA5 /* LibraryAndBooks.storyboard */; };
		0EFC96DE224ED41E002F7DA5 /* BookCollectionViewCell.swift in Sources */ = {isa = PBXBuildFile; fileRef = 0EFC96DD224ED41E002F7DA5 /* BookCollectionViewCell.swift */; };
		8825F2458DA0386265E7C031 /* Pods_StorymodeAppTests.framework in Frameworks */ = {isa = PBXBuildFile; fileRef = 95F876088C1D4A941DA78724 /* Pods_StorymodeAppTests.framework */; };
		8C87361E5AE0F52EE357A855 /* Pods_StorymodeAppUITests.framework in Frameworks */ = {isa = PBXBuildFile; fileRef = 1CFBC8CE1360990E139154B5 /* Pods_StorymodeAppUITests.framework */; };
		A4409B6EABF76A6C94FB7C1C /* Pods_StorymodeApp.framework in Frameworks */ = {isa = PBXBuildFile; fileRef = 1C1CB000EFEA048F3E373ED7 /* Pods_StorymodeApp.framework */; };
/* End PBXBuildFile section */

/* Begin PBXContainerItemProxy section */
		0ED88513224D5667000D95D7 /* PBXContainerItemProxy */ = {
			isa = PBXContainerItemProxy;
			containerPortal = 0ED884F6224D5666000D95D7 /* Project object */;
			proxyType = 1;
			remoteGlobalIDString = 0ED884FD224D5666000D95D7;
			remoteInfo = StorymodeApp;
		};
		0ED8851E224D5667000D95D7 /* PBXContainerItemProxy */ = {
			isa = PBXContainerItemProxy;
			containerPortal = 0ED884F6224D5666000D95D7 /* Project object */;
			proxyType = 1;
			remoteGlobalIDString = 0ED884FD224D5666000D95D7;
			remoteInfo = StorymodeApp;
		};
/* End PBXContainerItemProxy section */

/* Begin PBXFileReference section */
		0E1914A1225A43CB00451446 /* Main.storyboard */ = {isa = PBXFileReference; lastKnownFileType = file.storyboard; path = Main.storyboard; sourceTree = "<group>"; };
		0E1914A3225A44ED00451446 /* Authenticate.storyboard */ = {isa = PBXFileReference; lastKnownFileType = file.storyboard; path = Authenticate.storyboard; sourceTree = "<group>"; };
		0E1914A5225A46D500451446 /* AuthenticationViewController.swift */ = {isa = PBXFileReference; lastKnownFileType = sourcecode.swift; path = AuthenticationViewController.swift; sourceTree = "<group>"; };
		0E2465AB2255227B00BD642F /* Firestore.swift */ = {isa = PBXFileReference; lastKnownFileType = sourcecode.swift; path = Firestore.swift; sourceTree = "<group>"; };
		0E2465AE225529A900BD642F /* Book.swift */ = {isa = PBXFileReference; lastKnownFileType = sourcecode.swift; path = Book.swift; sourceTree = "<group>"; };
		0E2465B022552A3200BD642F /* Price.swift */ = {isa = PBXFileReference; lastKnownFileType = sourcecode.swift; path = Price.swift; sourceTree = "<group>"; };
		0E2465B2225541A800BD642F /* User.swift */ = {isa = PBXFileReference; lastKnownFileType = sourcecode.swift; path = User.swift; sourceTree = "<group>"; };
		0E2767902252835900B304F4 /* SwiftyBeaver.plist */ = {isa = PBXFileReference; fileEncoding = 4; lastKnownFileType = text.plist.xml; path = SwiftyBeaver.plist; sourceTree = "<group>"; };
		0E27679222529C0500B304F4 /* GoogleService-Info.plist */ = {isa = PBXFileReference; fileEncoding = 4; lastKnownFileType = text.plist.xml; path = "GoogleService-Info.plist"; sourceTree = "<group>"; };
		0E4371792266088F004E1130 /* AppObjects.swift */ = {isa = PBXFileReference; lastKnownFileType = sourcecode.swift; path = AppObjects.swift; sourceTree = "<group>"; };
		0E43717B226619A4004E1130 /* LaunchViewController.swift */ = {isa = PBXFileReference; lastKnownFileType = sourcecode.swift; path = LaunchViewController.swift; sourceTree = "<group>"; };
		0E5AB86E2278AF5F00A6B452 /* FirestoreUser.swift */ = {isa = PBXFileReference; lastKnownFileType = sourcecode.swift; path = FirestoreUser.swift; sourceTree = "<group>"; };
		0E7B3D552261139600445FA3 /* FirebaseAuth.swift */ = {isa = PBXFileReference; lastKnownFileType = sourcecode.swift; path = FirebaseAuth.swift; sourceTree = "<group>"; };
		0E7B3D5722612E7400445FA3 /* Storage.swift */ = {isa = PBXFileReference; lastKnownFileType = sourcecode.swift; path = Storage.swift; sourceTree = "<group>"; };
		0ED884FE224D5666000D95D7 /* StorymodeApp.app */ = {isa = PBXFileReference; explicitFileType = wrapper.application; includeInIndex = 0; path = StorymodeApp.app; sourceTree = BUILT_PRODUCTS_DIR; };
		0ED88501224D5666000D95D7 /* AppDelegate.swift */ = {isa = PBXFileReference; lastKnownFileType = sourcecode.swift; path = AppDelegate.swift; sourceTree = "<group>"; };
		0ED88503224D5666000D95D7 /* LibraryViewController.swift */ = {isa = PBXFileReference; lastKnownFileType = sourcecode.swift; path = LibraryViewController.swift; sourceTree = "<group>"; };
		0ED88508224D5667000D95D7 /* Assets.xcassets */ = {isa = PBXFileReference; lastKnownFileType = folder.assetcatalog; path = Assets.xcassets; sourceTree = "<group>"; };
		0ED8850B224D5667000D95D7 /* Base */ = {isa = PBXFileReference; lastKnownFileType = file.storyboard; name = Base; path = Base.lproj/LaunchScreen.storyboard; sourceTree = "<group>"; };
		0ED8850D224D5667000D95D7 /* Info.plist */ = {isa = PBXFileReference; lastKnownFileType = text.plist.xml; path = Info.plist; sourceTree = "<group>"; };
		0ED88512224D5667000D95D7 /* StorymodeAppTests.xctest */ = {isa = PBXFileReference; explicitFileType = wrapper.cfbundle; includeInIndex = 0; path = StorymodeAppTests.xctest; sourceTree = BUILT_PRODUCTS_DIR; };
		0ED88516224D5667000D95D7 /* StorymodeAppTests.swift */ = {isa = PBXFileReference; lastKnownFileType = sourcecode.swift; path = StorymodeAppTests.swift; sourceTree = "<group>"; };
		0ED88518224D5667000D95D7 /* Info.plist */ = {isa = PBXFileReference; lastKnownFileType = text.plist.xml; path = Info.plist; sourceTree = "<group>"; };
		0ED8851D224D5667000D95D7 /* StorymodeAppUITests.xctest */ = {isa = PBXFileReference; explicitFileType = wrapper.cfbundle; includeInIndex = 0; path = StorymodeAppUITests.xctest; sourceTree = BUILT_PRODUCTS_DIR; };
		0ED88521224D5667000D95D7 /* StorymodeAppUITests.swift */ = {isa = PBXFileReference; lastKnownFileType = sourcecode.swift; path = StorymodeAppUITests.swift; sourceTree = "<group>"; };
		0ED88523224D5667000D95D7 /* Info.plist */ = {isa = PBXFileReference; lastKnownFileType = text.plist.xml; path = Info.plist; sourceTree = "<group>"; };
		0ED88536224D63F3000D95D7 /* .swiftlint.yml */ = {isa = PBXFileReference; fileEncoding = 4; lastKnownFileType = text; path = .swiftlint.yml; sourceTree = "<group>"; };
		0EFC96D8224EC8C8002F7DA5 /* LibraryAndBooks.storyboard */ = {isa = PBXFileReference; lastKnownFileType = file.storyboard; path = LibraryAndBooks.storyboard; sourceTree = "<group>"; };
		0EFC96DD224ED41E002F7DA5 /* BookCollectionViewCell.swift */ = {isa = PBXFileReference; lastKnownFileType = sourcecode.swift; path = BookCollectionViewCell.swift; sourceTree = "<group>"; };
		0F2FEBDEC1AA303497336706 /* Pods-StorymodeAppTests.release.xcconfig */ = {isa = PBXFileReference; includeInIndex = 1; lastKnownFileType = text.xcconfig; name = "Pods-StorymodeAppTests.release.xcconfig"; path = "Target Support Files/Pods-StorymodeAppTests/Pods-StorymodeAppTests.release.xcconfig"; sourceTree = "<group>"; };
		10A343A26F63C403581E8FE8 /* Pods-StorymodeAppUITests.release.xcconfig */ = {isa = PBXFileReference; includeInIndex = 1; lastKnownFileType = text.xcconfig; name = "Pods-StorymodeAppUITests.release.xcconfig"; path = "Target Support Files/Pods-StorymodeAppUITests/Pods-StorymodeAppUITests.release.xcconfig"; sourceTree = "<group>"; };
		1C1CB000EFEA048F3E373ED7 /* Pods_StorymodeApp.framework */ = {isa = PBXFileReference; explicitFileType = wrapper.framework; includeInIndex = 0; path = Pods_StorymodeApp.framework; sourceTree = BUILT_PRODUCTS_DIR; };
		1CFBC8CE1360990E139154B5 /* Pods_StorymodeAppUITests.framework */ = {isa = PBXFileReference; explicitFileType = wrapper.framework; includeInIndex = 0; path = Pods_StorymodeAppUITests.framework; sourceTree = BUILT_PRODUCTS_DIR; };
		1F211082A4B820E1AA8C039D /* Pods-StorymodeApp.release.xcconfig */ = {isa = PBXFileReference; includeInIndex = 1; lastKnownFileType = text.xcconfig; name = "Pods-StorymodeApp.release.xcconfig"; path = "Target Support Files/Pods-StorymodeApp/Pods-StorymodeApp.release.xcconfig"; sourceTree = "<group>"; };
		95F876088C1D4A941DA78724 /* Pods_StorymodeAppTests.framework */ = {isa = PBXFileReference; explicitFileType = wrapper.framework; includeInIndex = 0; path = Pods_StorymodeAppTests.framework; sourceTree = BUILT_PRODUCTS_DIR; };
		9B811024A1C589224749ABDD /* Pods-StorymodeApp.debug.xcconfig */ = {isa = PBXFileReference; includeInIndex = 1; lastKnownFileType = text.xcconfig; name = "Pods-StorymodeApp.debug.xcconfig"; path = "Target Support Files/Pods-StorymodeApp/Pods-StorymodeApp.debug.xcconfig"; sourceTree = "<group>"; };
		AC5AB498BE24155D477D7D8F /* Pods-StorymodeAppUITests.debug.xcconfig */ = {isa = PBXFileReference; includeInIndex = 1; lastKnownFileType = text.xcconfig; name = "Pods-StorymodeAppUITests.debug.xcconfig"; path = "Target Support Files/Pods-StorymodeAppUITests/Pods-StorymodeAppUITests.debug.xcconfig"; sourceTree = "<group>"; };
		C5B90AE360892F4AAE1D9367 /* Pods-StorymodeAppTests.debug.xcconfig */ = {isa = PBXFileReference; includeInIndex = 1; lastKnownFileType = text.xcconfig; name = "Pods-StorymodeAppTests.debug.xcconfig"; path = "Target Support Files/Pods-StorymodeAppTests/Pods-StorymodeAppTests.debug.xcconfig"; sourceTree = "<group>"; };
/* End PBXFileReference section */

/* Begin PBXFrameworksBuildPhase section */
		0ED884FB224D5666000D95D7 /* Frameworks */ = {
			isa = PBXFrameworksBuildPhase;
			buildActionMask = 2147483647;
			files = (
				A4409B6EABF76A6C94FB7C1C /* Pods_StorymodeApp.framework in Frameworks */,
			);
			runOnlyForDeploymentPostprocessing = 0;
		};
		0ED8850F224D5667000D95D7 /* Frameworks */ = {
			isa = PBXFrameworksBuildPhase;
			buildActionMask = 2147483647;
			files = (
				8825F2458DA0386265E7C031 /* Pods_StorymodeAppTests.framework in Frameworks */,
			);
			runOnlyForDeploymentPostprocessing = 0;
		};
		0ED8851A224D5667000D95D7 /* Frameworks */ = {
			isa = PBXFrameworksBuildPhase;
			buildActionMask = 2147483647;
			files = (
				8C87361E5AE0F52EE357A855 /* Pods_StorymodeAppUITests.framework in Frameworks */,
			);
			runOnlyForDeploymentPostprocessing = 0;
		};
/* End PBXFrameworksBuildPhase section */

/* Begin PBXGroup section */
		0E2465AA2255225B00BD642F /* Models */ = {
			isa = PBXGroup;
			children = (
				0E4371792266088F004E1130 /* AppObjects.swift */,
				0E7B3D5722612E7400445FA3 /* Storage.swift */,
				0E2465AD2255299D00BD642F /* Objects */,
				0E5AB86D2278AF4C00A6B452 /* Firebase */,
			);
			path = Models;
			sourceTree = "<group>";
		};
		0E2465AD2255299D00BD642F /* Objects */ = {
			isa = PBXGroup;
			children = (
				0E2465AE225529A900BD642F /* Book.swift */,
				0E2465B022552A3200BD642F /* Price.swift */,
				0E2465B2225541A800BD642F /* User.swift */,
			);
			path = Objects;
			sourceTree = "<group>";
		};
		0E5AB86D2278AF4C00A6B452 /* Firebase */ = {
			isa = PBXGroup;
			children = (
				0E7B3D552261139600445FA3 /* FirebaseAuth.swift */,
				0E2465AB2255227B00BD642F /* Firestore.swift */,
				0E5AB86E2278AF5F00A6B452 /* FirestoreUser.swift */,
			);
			path = Firebase;
			sourceTree = "<group>";
		};
		0ED884F5224D5666000D95D7 = {
			isa = PBXGroup;
			children = (
				0ED88536224D63F3000D95D7 /* .swiftlint.yml */,
				0ED88500224D5666000D95D7 /* StorymodeApp */,
				0ED88515224D5667000D95D7 /* StorymodeAppTests */,
				0ED88520224D5667000D95D7 /* StorymodeAppUITests */,
				0ED884FF224D5666000D95D7 /* Products */,
				FC773A41D699093C1473BF8B /* Pods */,
				45FFF55E564048D254F0D62D /* Frameworks */,
			);
			sourceTree = "<group>";
		};
		0ED884FF224D5666000D95D7 /* Products */ = {
			isa = PBXGroup;
			children = (
				0ED884FE224D5666000D95D7 /* StorymodeApp.app */,
				0ED88512224D5667000D95D7 /* StorymodeAppTests.xctest */,
				0ED8851D224D5667000D95D7 /* StorymodeAppUITests.xctest */,
			);
			name = Products;
			sourceTree = "<group>";
		};
		0ED88500224D5666000D95D7 /* StorymodeApp */ = {
			isa = PBXGroup;
			children = (
				0E27679222529C0500B304F4 /* GoogleService-Info.plist */,
				0E2767902252835900B304F4 /* SwiftyBeaver.plist */,
				0ED88508224D5667000D95D7 /* Assets.xcassets */,
				0ED8850D224D5667000D95D7 /* Info.plist */,
				0ED88501224D5666000D95D7 /* AppDelegate.swift */,
				0E2465AA2255225B00BD642F /* Models */,
				0EFC96DB224ED3EE002F7DA5 /* Views */,
				0ED8852F224D56B8000D95D7 /* Controllers */,
				0ED88530224D56BE000D95D7 /* Storyboards */,
			);
			path = StorymodeApp;
			sourceTree = "<group>";
		};
		0ED88515224D5667000D95D7 /* StorymodeAppTests */ = {
			isa = PBXGroup;
			children = (
				0ED88516224D5667000D95D7 /* StorymodeAppTests.swift */,
				0ED88518224D5667000D95D7 /* Info.plist */,
			);
			path = StorymodeAppTests;
			sourceTree = "<group>";
		};
		0ED88520224D5667000D95D7 /* StorymodeAppUITests */ = {
			isa = PBXGroup;
			children = (
				0ED88521224D5667000D95D7 /* StorymodeAppUITests.swift */,
				0ED88523224D5667000D95D7 /* Info.plist */,
			);
			path = StorymodeAppUITests;
			sourceTree = "<group>";
		};
		0ED8852F224D56B8000D95D7 /* Controllers */ = {
			isa = PBXGroup;
			children = (
				0E43717B226619A4004E1130 /* LaunchViewController.swift */,
				0ED88503224D5666000D95D7 /* LibraryViewController.swift */,
				0E1914A5225A46D500451446 /* AuthenticationViewController.swift */,
			);
			path = Controllers;
			sourceTree = "<group>";
		};
		0ED88530224D56BE000D95D7 /* Storyboards */ = {
			isa = PBXGroup;
			children = (
				0ED8850A224D5667000D95D7 /* LaunchScreen.storyboard */,
				0EFC96D8224EC8C8002F7DA5 /* LibraryAndBooks.storyboard */,
				0E1914A1225A43CB00451446 /* Main.storyboard */,
				0E1914A3225A44ED00451446 /* Authenticate.storyboard */,
			);
			path = Storyboards;
			sourceTree = "<group>";
		};
		0EFC96DB224ED3EE002F7DA5 /* Views */ = {
			isa = PBXGroup;
			children = (
				0EFC96DC224ED407002F7DA5 /* Cells */,
			);
			path = Views;
			sourceTree = "<group>";
		};
		0EFC96DC224ED407002F7DA5 /* Cells */ = {
			isa = PBXGroup;
			children = (
				0EFC96DD224ED41E002F7DA5 /* BookCollectionViewCell.swift */,
			);
			path = Cells;
			sourceTree = "<group>";
		};
		45FFF55E564048D254F0D62D /* Frameworks */ = {
			isa = PBXGroup;
			children = (
				1C1CB000EFEA048F3E373ED7 /* Pods_StorymodeApp.framework */,
				95F876088C1D4A941DA78724 /* Pods_StorymodeAppTests.framework */,
				1CFBC8CE1360990E139154B5 /* Pods_StorymodeAppUITests.framework */,
			);
			name = Frameworks;
			sourceTree = "<group>";
		};
		FC773A41D699093C1473BF8B /* Pods */ = {
			isa = PBXGroup;
			children = (
				9B811024A1C589224749ABDD /* Pods-StorymodeApp.debug.xcconfig */,
				1F211082A4B820E1AA8C039D /* Pods-StorymodeApp.release.xcconfig */,
				C5B90AE360892F4AAE1D9367 /* Pods-StorymodeAppTests.debug.xcconfig */,
				0F2FEBDEC1AA303497336706 /* Pods-StorymodeAppTests.release.xcconfig */,
				AC5AB498BE24155D477D7D8F /* Pods-StorymodeAppUITests.debug.xcconfig */,
				10A343A26F63C403581E8FE8 /* Pods-StorymodeAppUITests.release.xcconfig */,
			);
			path = Pods;
			sourceTree = "<group>";
		};
/* End PBXGroup section */

/* Begin PBXNativeTarget section */
		0ED884FD224D5666000D95D7 /* StorymodeApp */ = {
			isa = PBXNativeTarget;
			buildConfigurationList = 0ED88526224D5667000D95D7 /* Build configuration list for PBXNativeTarget "StorymodeApp" */;
			buildPhases = (
				FF5D3EDD192B3B82542C971A /* [CP] Check Pods Manifest.lock */,
				0ED884FA224D5666000D95D7 /* Sources */,
				0ED884FB224D5666000D95D7 /* Frameworks */,
				0ED884FC224D5666000D95D7 /* Resources */,
				BDA0DCF360FD2A928BFF194D /* [CP] Embed Pods Frameworks */,
				0ED88535224D5CAD000D95D7 /* ShellScript */,
			);
			buildRules = (
			);
			dependencies = (
			);
			name = StorymodeApp;
			productName = StorymodeApp;
			productReference = 0ED884FE224D5666000D95D7 /* StorymodeApp.app */;
			productType = "com.apple.product-type.application";
		};
		0ED88511224D5667000D95D7 /* StorymodeAppTests */ = {
			isa = PBXNativeTarget;
			buildConfigurationList = 0ED88529224D5667000D95D7 /* Build configuration list for PBXNativeTarget "StorymodeAppTests" */;
			buildPhases = (
				B8CC552F03DF13B0C8428E46 /* [CP] Check Pods Manifest.lock */,
				0ED8850E224D5667000D95D7 /* Sources */,
				0ED8850F224D5667000D95D7 /* Frameworks */,
				0ED88510224D5667000D95D7 /* Resources */,
			);
			buildRules = (
			);
			dependencies = (
				0ED88514224D5667000D95D7 /* PBXTargetDependency */,
			);
			name = StorymodeAppTests;
			productName = StorymodeAppTests;
			productReference = 0ED88512224D5667000D95D7 /* StorymodeAppTests.xctest */;
			productType = "com.apple.product-type.bundle.unit-test";
		};
		0ED8851C224D5667000D95D7 /* StorymodeAppUITests */ = {
			isa = PBXNativeTarget;
			buildConfigurationList = 0ED8852C224D5667000D95D7 /* Build configuration list for PBXNativeTarget "StorymodeAppUITests" */;
			buildPhases = (
				0C99B5CC46F6EC69216ACA93 /* [CP] Check Pods Manifest.lock */,
				0ED88519224D5667000D95D7 /* Sources */,
				0ED8851A224D5667000D95D7 /* Frameworks */,
				0ED8851B224D5667000D95D7 /* Resources */,
			);
			buildRules = (
			);
			dependencies = (
				0ED8851F224D5667000D95D7 /* PBXTargetDependency */,
			);
			name = StorymodeAppUITests;
			productName = StorymodeAppUITests;
			productReference = 0ED8851D224D5667000D95D7 /* StorymodeAppUITests.xctest */;
			productType = "com.apple.product-type.bundle.ui-testing";
		};
/* End PBXNativeTarget section */

/* Begin PBXProject section */
		0ED884F6224D5666000D95D7 /* Project object */ = {
			isa = PBXProject;
			attributes = {
				LastSwiftUpdateCheck = 1020;
				LastUpgradeCheck = 1020;
				ORGANIZATIONNAME = "Nikolaos Rafail Nikolouzos";
				TargetAttributes = {
					0ED884FD224D5666000D95D7 = {
						CreatedOnToolsVersion = 10.2;
					};
					0ED88511224D5667000D95D7 = {
						CreatedOnToolsVersion = 10.2;
						TestTargetID = 0ED884FD224D5666000D95D7;
					};
					0ED8851C224D5667000D95D7 = {
						CreatedOnToolsVersion = 10.2;
						TestTargetID = 0ED884FD224D5666000D95D7;
					};
				};
			};
			buildConfigurationList = 0ED884F9224D5666000D95D7 /* Build configuration list for PBXProject "StorymodeApp" */;
			compatibilityVersion = "Xcode 9.3";
			developmentRegion = en;
			hasScannedForEncodings = 0;
			knownRegions = (
				en,
				Base,
			);
			mainGroup = 0ED884F5224D5666000D95D7;
			productRefGroup = 0ED884FF224D5666000D95D7 /* Products */;
			projectDirPath = "";
			projectRoot = "";
			targets = (
				0ED884FD224D5666000D95D7 /* StorymodeApp */,
				0ED88511224D5667000D95D7 /* StorymodeAppTests */,
				0ED8851C224D5667000D95D7 /* StorymodeAppUITests */,
			);
		};
/* End PBXProject section */

/* Begin PBXResourcesBuildPhase section */
		0ED884FC224D5666000D95D7 /* Resources */ = {
			isa = PBXResourcesBuildPhase;
			buildActionMask = 2147483647;
			files = (
				0E1914A2225A43CB00451446 /* Main.storyboard in Resources */,
				0E1914A4225A44ED00451446 /* Authenticate.storyboard in Resources */,
				0E2767912252835A00B304F4 /* SwiftyBeaver.plist in Resources */,
				0ED88537224D63F3000D95D7 /* .swiftlint.yml in Resources */,
				0ED8850C224D5667000D95D7 /* LaunchScreen.storyboard in Resources */,
				0ED88509224D5667000D95D7 /* Assets.xcassets in Resources */,
				0EFC96D9224EC8C8002F7DA5 /* LibraryAndBooks.storyboard in Resources */,
				0E27679322529C0500B304F4 /* GoogleService-Info.plist in Resources */,
			);
			runOnlyForDeploymentPostprocessing = 0;
		};
		0ED88510224D5667000D95D7 /* Resources */ = {
			isa = PBXResourcesBuildPhase;
			buildActionMask = 2147483647;
			files = (
			);
			runOnlyForDeploymentPostprocessing = 0;
		};
		0ED8851B224D5667000D95D7 /* Resources */ = {
			isa = PBXResourcesBuildPhase;
			buildActionMask = 2147483647;
			files = (
			);
			runOnlyForDeploymentPostprocessing = 0;
		};
/* End PBXResourcesBuildPhase section */

/* Begin PBXShellScriptBuildPhase section */
		0C99B5CC46F6EC69216ACA93 /* [CP] Check Pods Manifest.lock */ = {
			isa = PBXShellScriptBuildPhase;
			buildActionMask = 2147483647;
			files = (
			);
			inputFileListPaths = (
			);
			inputPaths = (
				"${PODS_PODFILE_DIR_PATH}/Podfile.lock",
				"${PODS_ROOT}/Manifest.lock",
			);
			name = "[CP] Check Pods Manifest.lock";
			outputFileListPaths = (
			);
			outputPaths = (
				"$(DERIVED_FILE_DIR)/Pods-StorymodeAppUITests-checkManifestLockResult.txt",
			);
			runOnlyForDeploymentPostprocessing = 0;
			shellPath = /bin/sh;
			shellScript = "diff \"${PODS_PODFILE_DIR_PATH}/Podfile.lock\" \"${PODS_ROOT}/Manifest.lock\" > /dev/null\nif [ $? != 0 ] ; then\n    # print error to STDERR\n    echo \"error: The sandbox is not in sync with the Podfile.lock. Run 'pod install' or update your CocoaPods installation.\" >&2\n    exit 1\nfi\n# This output is used by Xcode 'outputs' to avoid re-running this script phase.\necho \"SUCCESS\" > \"${SCRIPT_OUTPUT_FILE_0}\"\n";
			showEnvVarsInLog = 0;
		};
		0ED88535224D5CAD000D95D7 /* ShellScript */ = {
			isa = PBXShellScriptBuildPhase;
			buildActionMask = 2147483647;
			files = (
			);
			inputFileListPaths = (
			);
			inputPaths = (
			);
			outputFileListPaths = (
			);
			outputPaths = (
			);
			runOnlyForDeploymentPostprocessing = 0;
			shellPath = /bin/sh;
			shellScript = "if which swiftlint >/dev/null; then\nswiftlint\nelse\necho \"warning: SwiftLint not installed, download from https://github.com/realm/SwiftLint\"\nfi\n";
		};
		B8CC552F03DF13B0C8428E46 /* [CP] Check Pods Manifest.lock */ = {
			isa = PBXShellScriptBuildPhase;
			buildActionMask = 2147483647;
			files = (
			);
			inputFileListPaths = (
			);
			inputPaths = (
				"${PODS_PODFILE_DIR_PATH}/Podfile.lock",
				"${PODS_ROOT}/Manifest.lock",
			);
			name = "[CP] Check Pods Manifest.lock";
			outputFileListPaths = (
			);
			outputPaths = (
				"$(DERIVED_FILE_DIR)/Pods-StorymodeAppTests-checkManifestLockResult.txt",
			);
			runOnlyForDeploymentPostprocessing = 0;
			shellPath = /bin/sh;
			shellScript = "diff \"${PODS_PODFILE_DIR_PATH}/Podfile.lock\" \"${PODS_ROOT}/Manifest.lock\" > /dev/null\nif [ $? != 0 ] ; then\n    # print error to STDERR\n    echo \"error: The sandbox is not in sync with the Podfile.lock. Run 'pod install' or update your CocoaPods installation.\" >&2\n    exit 1\nfi\n# This output is used by Xcode 'outputs' to avoid re-running this script phase.\necho \"SUCCESS\" > \"${SCRIPT_OUTPUT_FILE_0}\"\n";
			showEnvVarsInLog = 0;
		};
		BDA0DCF360FD2A928BFF194D /* [CP] Embed Pods Frameworks */ = {
			isa = PBXShellScriptBuildPhase;
			buildActionMask = 2147483647;
			files = (
			);
			inputFileListPaths = (
				"${PODS_ROOT}/Target Support Files/Pods-StorymodeApp/Pods-StorymodeApp-frameworks-${CONFIGURATION}-input-files.xcfilelist",
			);
			name = "[CP] Embed Pods Frameworks";
			outputFileListPaths = (
				"${PODS_ROOT}/Target Support Files/Pods-StorymodeApp/Pods-StorymodeApp-frameworks-${CONFIGURATION}-output-files.xcfilelist",
			);
			runOnlyForDeploymentPostprocessing = 0;
			shellPath = /bin/sh;
			shellScript = "\"${PODS_ROOT}/Target Support Files/Pods-StorymodeApp/Pods-StorymodeApp-frameworks.sh\"\n";
			showEnvVarsInLog = 0;
		};
		FF5D3EDD192B3B82542C971A /* [CP] Check Pods Manifest.lock */ = {
			isa = PBXShellScriptBuildPhase;
			buildActionMask = 2147483647;
			files = (
			);
			inputFileListPaths = (
			);
			inputPaths = (
				"${PODS_PODFILE_DIR_PATH}/Podfile.lock",
				"${PODS_ROOT}/Manifest.lock",
			);
			name = "[CP] Check Pods Manifest.lock";
			outputFileListPaths = (
			);
			outputPaths = (
				"$(DERIVED_FILE_DIR)/Pods-StorymodeApp-checkManifestLockResult.txt",
			);
			runOnlyForDeploymentPostprocessing = 0;
			shellPath = /bin/sh;
			shellScript = "diff \"${PODS_PODFILE_DIR_PATH}/Podfile.lock\" \"${PODS_ROOT}/Manifest.lock\" > /dev/null\nif [ $? != 0 ] ; then\n    # print error to STDERR\n    echo \"error: The sandbox is not in sync with the Podfile.lock. Run 'pod install' or update your CocoaPods installation.\" >&2\n    exit 1\nfi\n# This output is used by Xcode 'outputs' to avoid re-running this script phase.\necho \"SUCCESS\" > \"${SCRIPT_OUTPUT_FILE_0}\"\n";
			showEnvVarsInLog = 0;
		};
/* End PBXShellScriptBuildPhase section */

/* Begin PBXSourcesBuildPhase section */
		0ED884FA224D5666000D95D7 /* Sources */ = {
			isa = PBXSourcesBuildPhase;
			buildActionMask = 2147483647;
			files = (
				0E7B3D562261139600445FA3 /* FirebaseAuth.swift in Sources */,
				0E43717A2266088F004E1130 /* AppObjects.swift in Sources */,
				0E2465AC2255227B00BD642F /* Firestore.swift in Sources */,
				0E43717C226619A4004E1130 /* LaunchViewController.swift in Sources */,
				0EFC96DE224ED41E002F7DA5 /* BookCollectionViewCell.swift in Sources */,
				0E5AB86F2278AF5F00A6B452 /* FirestoreUser.swift in Sources */,
				0E1914A6225A46D500451446 /* AuthenticationViewController.swift in Sources */,
				0ED88504224D5666000D95D7 /* LibraryViewController.swift in Sources */,
				0ED88502224D5666000D95D7 /* AppDelegate.swift in Sources */,
				0E2465AF225529A900BD642F /* Book.swift in Sources */,
				0E2465B122552A3200BD642F /* Price.swift in Sources */,
				0E2465B3225541A800BD642F /* User.swift in Sources */,
				0E7B3D5822612E7400445FA3 /* Storage.swift in Sources */,
			);
			runOnlyForDeploymentPostprocessing = 0;
		};
		0ED8850E224D5667000D95D7 /* Sources */ = {
			isa = PBXSourcesBuildPhase;
			buildActionMask = 2147483647;
			files = (
				0ED88517224D5667000D95D7 /* StorymodeAppTests.swift in Sources */,
			);
			runOnlyForDeploymentPostprocessing = 0;
		};
		0ED88519224D5667000D95D7 /* Sources */ = {
			isa = PBXSourcesBuildPhase;
			buildActionMask = 2147483647;
			files = (
				0ED88522224D5667000D95D7 /* StorymodeAppUITests.swift in Sources */,
			);
			runOnlyForDeploymentPostprocessing = 0;
		};
/* End PBXSourcesBuildPhase section */

/* Begin PBXTargetDependency section */
		0ED88514224D5667000D95D7 /* PBXTargetDependency */ = {
			isa = PBXTargetDependency;
			target = 0ED884FD224D5666000D95D7 /* StorymodeApp */;
			targetProxy = 0ED88513224D5667000D95D7 /* PBXContainerItemProxy */;
		};
		0ED8851F224D5667000D95D7 /* PBXTargetDependency */ = {
			isa = PBXTargetDependency;
			target = 0ED884FD224D5666000D95D7 /* StorymodeApp */;
			targetProxy = 0ED8851E224D5667000D95D7 /* PBXContainerItemProxy */;
		};
/* End PBXTargetDependency section */

/* Begin PBXVariantGroup section */
		0ED8850A224D5667000D95D7 /* LaunchScreen.storyboard */ = {
			isa = PBXVariantGroup;
			children = (
				0ED8850B224D5667000D95D7 /* Base */,
			);
			name = LaunchScreen.storyboard;
			sourceTree = "<group>";
		};
/* End PBXVariantGroup section */

/* Begin XCBuildConfiguration section */
		0ED88524224D5667000D95D7 /* Debug */ = {
			isa = XCBuildConfiguration;
			buildSettings = {
				ALWAYS_SEARCH_USER_PATHS = NO;
				CLANG_ANALYZER_NONNULL = YES;
				CLANG_ANALYZER_NUMBER_OBJECT_CONVERSION = YES_AGGRESSIVE;
				CLANG_CXX_LANGUAGE_STANDARD = "gnu++14";
				CLANG_CXX_LIBRARY = "libc++";
				CLANG_ENABLE_MODULES = YES;
				CLANG_ENABLE_OBJC_ARC = YES;
				CLANG_ENABLE_OBJC_WEAK = YES;
				CLANG_WARN_BLOCK_CAPTURE_AUTORELEASING = YES;
				CLANG_WARN_BOOL_CONVERSION = YES;
				CLANG_WARN_COMMA = YES;
				CLANG_WARN_CONSTANT_CONVERSION = YES;
				CLANG_WARN_DEPRECATED_OBJC_IMPLEMENTATIONS = YES;
				CLANG_WARN_DIRECT_OBJC_ISA_USAGE = YES_ERROR;
				CLANG_WARN_DOCUMENTATION_COMMENTS = YES;
				CLANG_WARN_EMPTY_BODY = YES;
				CLANG_WARN_ENUM_CONVERSION = YES;
				CLANG_WARN_INFINITE_RECURSION = YES;
				CLANG_WARN_INT_CONVERSION = YES;
				CLANG_WARN_NON_LITERAL_NULL_CONVERSION = YES;
				CLANG_WARN_OBJC_IMPLICIT_RETAIN_SELF = YES;
				CLANG_WARN_OBJC_LITERAL_CONVERSION = YES;
				CLANG_WARN_OBJC_ROOT_CLASS = YES_ERROR;
				CLANG_WARN_RANGE_LOOP_ANALYSIS = YES;
				CLANG_WARN_STRICT_PROTOTYPES = YES;
				CLANG_WARN_SUSPICIOUS_MOVE = YES;
				CLANG_WARN_UNGUARDED_AVAILABILITY = YES_AGGRESSIVE;
				CLANG_WARN_UNREACHABLE_CODE = YES;
				CLANG_WARN__DUPLICATE_METHOD_MATCH = YES;
				CODE_SIGN_IDENTITY = "iPhone Developer";
				COPY_PHASE_STRIP = NO;
				DEBUG_INFORMATION_FORMAT = dwarf;
				ENABLE_STRICT_OBJC_MSGSEND = YES;
				ENABLE_TESTABILITY = YES;
				GCC_C_LANGUAGE_STANDARD = gnu11;
				GCC_DYNAMIC_NO_PIC = NO;
				GCC_NO_COMMON_BLOCKS = YES;
				GCC_OPTIMIZATION_LEVEL = 0;
				GCC_PREPROCESSOR_DEFINITIONS = (
					"DEBUG=1",
					"$(inherited)",
				);
				GCC_WARN_64_TO_32_BIT_CONVERSION = YES;
				GCC_WARN_ABOUT_RETURN_TYPE = YES_ERROR;
				GCC_WARN_UNDECLARED_SELECTOR = YES;
				GCC_WARN_UNINITIALIZED_AUTOS = YES_AGGRESSIVE;
				GCC_WARN_UNUSED_FUNCTION = YES;
				GCC_WARN_UNUSED_VARIABLE = YES;
				IPHONEOS_DEPLOYMENT_TARGET = 10.0;
				MTL_ENABLE_DEBUG_INFO = INCLUDE_SOURCE;
				MTL_FAST_MATH = YES;
				ONLY_ACTIVE_ARCH = YES;
				SDKROOT = iphoneos;
				SWIFT_ACTIVE_COMPILATION_CONDITIONS = DEBUG;
				SWIFT_OPTIMIZATION_LEVEL = "-Onone";
			};
			name = Debug;
		};
		0ED88525224D5667000D95D7 /* Release */ = {
			isa = XCBuildConfiguration;
			buildSettings = {
				ALWAYS_SEARCH_USER_PATHS = NO;
				CLANG_ANALYZER_NONNULL = YES;
				CLANG_ANALYZER_NUMBER_OBJECT_CONVERSION = YES_AGGRESSIVE;
				CLANG_CXX_LANGUAGE_STANDARD = "gnu++14";
				CLANG_CXX_LIBRARY = "libc++";
				CLANG_ENABLE_MODULES = YES;
				CLANG_ENABLE_OBJC_ARC = YES;
				CLANG_ENABLE_OBJC_WEAK = YES;
				CLANG_WARN_BLOCK_CAPTURE_AUTORELEASING = YES;
				CLANG_WARN_BOOL_CONVERSION = YES;
				CLANG_WARN_COMMA = YES;
				CLANG_WARN_CONSTANT_CONVERSION = YES;
				CLANG_WARN_DEPRECATED_OBJC_IMPLEMENTATIONS = YES;
				CLANG_WARN_DIRECT_OBJC_ISA_USAGE = YES_ERROR;
				CLANG_WARN_DOCUMENTATION_COMMENTS = YES;
				CLANG_WARN_EMPTY_BODY = YES;
				CLANG_WARN_ENUM_CONVERSION = YES;
				CLANG_WARN_INFINITE_RECURSION = YES;
				CLANG_WARN_INT_CONVERSION = YES;
				CLANG_WARN_NON_LITERAL_NULL_CONVERSION = YES;
				CLANG_WARN_OBJC_IMPLICIT_RETAIN_SELF = YES;
				CLANG_WARN_OBJC_LITERAL_CONVERSION = YES;
				CLANG_WARN_OBJC_ROOT_CLASS = YES_ERROR;
				CLANG_WARN_RANGE_LOOP_ANALYSIS = YES;
				CLANG_WARN_STRICT_PROTOTYPES = YES;
				CLANG_WARN_SUSPICIOUS_MOVE = YES;
				CLANG_WARN_UNGUARDED_AVAILABILITY = YES_AGGRESSIVE;
				CLANG_WARN_UNREACHABLE_CODE = YES;
				CLANG_WARN__DUPLICATE_METHOD_MATCH = YES;
				CODE_SIGN_IDENTITY = "iPhone Developer";
				COPY_PHASE_STRIP = NO;
				DEBUG_INFORMATION_FORMAT = "dwarf-with-dsym";
				ENABLE_NS_ASSERTIONS = NO;
				ENABLE_STRICT_OBJC_MSGSEND = YES;
				GCC_C_LANGUAGE_STANDARD = gnu11;
				GCC_NO_COMMON_BLOCKS = YES;
				GCC_WARN_64_TO_32_BIT_CONVERSION = YES;
				GCC_WARN_ABOUT_RETURN_TYPE = YES_ERROR;
				GCC_WARN_UNDECLARED_SELECTOR = YES;
				GCC_WARN_UNINITIALIZED_AUTOS = YES_AGGRESSIVE;
				GCC_WARN_UNUSED_FUNCTION = YES;
				GCC_WARN_UNUSED_VARIABLE = YES;
				IPHONEOS_DEPLOYMENT_TARGET = 10.0;
				MTL_ENABLE_DEBUG_INFO = NO;
				MTL_FAST_MATH = YES;
				SDKROOT = iphoneos;
				SWIFT_COMPILATION_MODE = wholemodule;
				SWIFT_OPTIMIZATION_LEVEL = "-O";
				VALIDATE_PRODUCT = YES;
			};
			name = Release;
		};
		0ED88527224D5667000D95D7 /* Debug */ = {
			isa = XCBuildConfiguration;
			baseConfigurationReference = 9B811024A1C589224749ABDD /* Pods-StorymodeApp.debug.xcconfig */;
			buildSettings = {
				ASSETCATALOG_COMPILER_APPICON_NAME = AppIcon;
				CODE_SIGN_STYLE = Automatic;
				DEVELOPMENT_TEAM = SRXH896CXH;
				INFOPLIST_FILE = StorymodeApp/Info.plist;
				IPHONEOS_DEPLOYMENT_TARGET = 10.0;
				LD_RUNPATH_SEARCH_PATHS = (
					"$(inherited)",
					"@executable_path/Frameworks",
				);
				PRODUCT_BUNDLE_IDENTIFIER = xyz.nikolouzos.StorymodeApp;
				PRODUCT_NAME = "$(TARGET_NAME)";
				SWIFT_VERSION = 5.0;
				TARGETED_DEVICE_FAMILY = 1;
			};
			name = Debug;
		};
		0ED88528224D5667000D95D7 /* Release */ = {
			isa = XCBuildConfiguration;
			baseConfigurationReference = 1F211082A4B820E1AA8C039D /* Pods-StorymodeApp.release.xcconfig */;
			buildSettings = {
				ASSETCATALOG_COMPILER_APPICON_NAME = AppIcon;
				CODE_SIGN_STYLE = Automatic;
				DEVELOPMENT_TEAM = SRXH896CXH;
				INFOPLIST_FILE = StorymodeApp/Info.plist;
				IPHONEOS_DEPLOYMENT_TARGET = 10.0;
				LD_RUNPATH_SEARCH_PATHS = (
					"$(inherited)",
					"@executable_path/Frameworks",
				);
				PRODUCT_BUNDLE_IDENTIFIER = xyz.nikolouzos.StorymodeApp;
				PRODUCT_NAME = "$(TARGET_NAME)";
				SWIFT_VERSION = 5.0;
				TARGETED_DEVICE_FAMILY = 1;
			};
			name = Release;
		};
		0ED8852A224D5667000D95D7 /* Debug */ = {
			isa = XCBuildConfiguration;
			baseConfigurationReference = C5B90AE360892F4AAE1D9367 /* Pods-StorymodeAppTests.debug.xcconfig */;
			buildSettings = {
				ALWAYS_EMBED_SWIFT_STANDARD_LIBRARIES = YES;
				BUNDLE_LOADER = "$(TEST_HOST)";
				CODE_SIGN_STYLE = Automatic;
				DEVELOPMENT_TEAM = SRXH896CXH;
				INFOPLIST_FILE = StorymodeAppTests/Info.plist;
				LD_RUNPATH_SEARCH_PATHS = (
					"$(inherited)",
					"@executable_path/Frameworks",
					"@loader_path/Frameworks",
				);
				PRODUCT_BUNDLE_IDENTIFIER = xyz.nikolouzos.StorymodeAppTests;
				PRODUCT_NAME = "$(TARGET_NAME)";
				SWIFT_VERSION = 5.0;
				TARGETED_DEVICE_FAMILY = "1,2";
				TEST_HOST = "$(BUILT_PRODUCTS_DIR)/StorymodeApp.app/StorymodeApp";
			};
			name = Debug;
		};
		0ED8852B224D5667000D95D7 /* Release */ = {
			isa = XCBuildConfiguration;
			baseConfigurationReference = 0F2FEBDEC1AA303497336706 /* Pods-StorymodeAppTests.release.xcconfig */;
			buildSettings = {
				ALWAYS_EMBED_SWIFT_STANDARD_LIBRARIES = YES;
				BUNDLE_LOADER = "$(TEST_HOST)";
				CODE_SIGN_STYLE = Automatic;
				DEVELOPMENT_TEAM = SRXH896CXH;
				INFOPLIST_FILE = StorymodeAppTests/Info.plist;
				LD_RUNPATH_SEARCH_PATHS = (
					"$(inherited)",
					"@executable_path/Frameworks",
					"@loader_path/Frameworks",
				);
				PRODUCT_BUNDLE_IDENTIFIER = xyz.nikolouzos.StorymodeAppTests;
				PRODUCT_NAME = "$(TARGET_NAME)";
				SWIFT_VERSION = 5.0;
				TARGETED_DEVICE_FAMILY = "1,2";
				TEST_HOST = "$(BUILT_PRODUCTS_DIR)/StorymodeApp.app/StorymodeApp";
			};
			name = Release;
		};
		0ED8852D224D5667000D95D7 /* Debug */ = {
			isa = XCBuildConfiguration;
			baseConfigurationReference = AC5AB498BE24155D477D7D8F /* Pods-StorymodeAppUITests.debug.xcconfig */;
			buildSettings = {
				ALWAYS_EMBED_SWIFT_STANDARD_LIBRARIES = YES;
				CODE_SIGN_STYLE = Automatic;
				DEVELOPMENT_TEAM = SRXH896CXH;
				INFOPLIST_FILE = StorymodeAppUITests/Info.plist;
				LD_RUNPATH_SEARCH_PATHS = (
					"$(inherited)",
					"@executable_path/Frameworks",
					"@loader_path/Frameworks",
				);
				PRODUCT_BUNDLE_IDENTIFIER = xyz.nikolouzos.StorymodeAppUITests;
				PRODUCT_NAME = "$(TARGET_NAME)";
				SWIFT_VERSION = 5.0;
				TARGETED_DEVICE_FAMILY = "1,2";
				TEST_TARGET_NAME = StorymodeApp;
			};
			name = Debug;
		};
		0ED8852E224D5667000D95D7 /* Release */ = {
			isa = XCBuildConfiguration;
			baseConfigurationReference = 10A343A26F63C403581E8FE8 /* Pods-StorymodeAppUITests.release.xcconfig */;
			buildSettings = {
				ALWAYS_EMBED_SWIFT_STANDARD_LIBRARIES = YES;
				CODE_SIGN_STYLE = Automatic;
				DEVELOPMENT_TEAM = SRXH896CXH;
				INFOPLIST_FILE = StorymodeAppUITests/Info.plist;
				LD_RUNPATH_SEARCH_PATHS = (
					"$(inherited)",
					"@executable_path/Frameworks",
					"@loader_path/Frameworks",
				);
				PRODUCT_BUNDLE_IDENTIFIER = xyz.nikolouzos.StorymodeAppUITests;
				PRODUCT_NAME = "$(TARGET_NAME)";
				SWIFT_VERSION = 5.0;
				TARGETED_DEVICE_FAMILY = "1,2";
				TEST_TARGET_NAME = StorymodeApp;
			};
			name = Release;
		};
/* End XCBuildConfiguration section */

/* Begin XCConfigurationList section */
		0ED884F9224D5666000D95D7 /* Build configuration list for PBXProject "StorymodeApp" */ = {
			isa = XCConfigurationList;
			buildConfigurations = (
				0ED88524224D5667000D95D7 /* Debug */,
				0ED88525224D5667000D95D7 /* Release */,
			);
			defaultConfigurationIsVisible = 0;
			defaultConfigurationName = Release;
		};
		0ED88526224D5667000D95D7 /* Build configuration list for PBXNativeTarget "StorymodeApp" */ = {
			isa = XCConfigurationList;
			buildConfigurations = (
				0ED88527224D5667000D95D7 /* Debug */,
				0ED88528224D5667000D95D7 /* Release */,
			);
			defaultConfigurationIsVisible = 0;
			defaultConfigurationName = Release;
		};
		0ED88529224D5667000D95D7 /* Build configuration list for PBXNativeTarget "StorymodeAppTests" */ = {
			isa = XCConfigurationList;
			buildConfigurations = (
				0ED8852A224D5667000D95D7 /* Debug */,
				0ED8852B224D5667000D95D7 /* Release */,
			);
			defaultConfigurationIsVisible = 0;
			defaultConfigurationName = Release;
		};
		0ED8852C224D5667000D95D7 /* Build configuration list for PBXNativeTarget "StorymodeAppUITests" */ = {
			isa = XCConfigurationList;
			buildConfigurations = (
				0ED8852D224D5667000D95D7 /* Debug */,
				0ED8852E224D5667000D95D7 /* Release */,
			);
			defaultConfigurationIsVisible = 0;
			defaultConfigurationName = Release;
		};
/* End XCConfigurationList section */
	};
	rootObject = 0ED884F6224D5666000D95D7 /* Project object */;
}
